
Microsoft Visual Studio Solution File, Format Version 12.00
# Visual Studio Version 16
VisualStudioVersion = 16.0.31321.278
MinimumVisualStudioVersion = 10.0.40219.1
Project("{FAE04EC0-301F-11D3-BF4B-00C04F79EFBC}") = "XamarinFormsNotificationCenter.Android", "XamarinFormsNotificationCenter\XamarinFormsNotificationCenter.Android\XamarinFormsNotificationCenter.Android.csproj", "{10C008A0-AEF8-4B8D-89A2-3ED9BC6BD871}"
EndProject
Project("{FAE04EC0-301F-11D3-BF4B-00C04F79EFBC}") = "XamarinFormsNotificationCenter.iOS", "XamarinFormsNotificationCenter\XamarinFormsNotificationCenter.iOS\XamarinFormsNotificationCenter.iOS.csproj", "{145EBDE7-10E5-421A-96EE-E812348FA726}"
EndProject
Project("{FAE04EC0-301F-11D3-BF4B-00C04F79EFBC}") = "XamarinFormsNotificationCenter", "XamarinFormsNotificationCenter\XamarinFormsNotificationCenter\XamarinFormsNotificationCenter.csproj", "{58392C66-5B82-4D8C-B983-0F638E3C35C2}"
EndProject
Global
	GlobalSection(SolutionConfigurationPlatforms) = preSolution
		Debug|Any CPU = Debug|Any CPU
		Debug|iPhone = Debug|iPhone
		Debug|iPhoneSimulator = Debug|iPhoneSimulator
		Release|Any CPU = Release|Any CPU
		Release|iPhone = Release|iPhone
		Release|iPhoneSimulator = Release|iPhoneSimulator
	EndGlobalSection
	GlobalSection(ProjectConfigurationPlatforms) = postSolution
		{10C008A0-AEF8-4B8D-89A2-3ED9BC6BD871}.Debug|Any CPU.ActiveCfg = Debug|Any CPU
		{10C008A0-AEF8-4B8D-89A2-3ED9BC6BD871}.Debug|Any CPU.Build.0 = Debug|Any CPU
		{10C008A0-AEF8-4B8D-89A2-3ED9BC6BD871}.Debug|Any CPU.Deploy.0 = Debug|Any CPU
		{10C008A0-AEF8-4B8D-89A2-3ED9BC6BD871}.Debug|iPhone.ActiveCfg = Debug|Any CPU
		{10C008A0-AEF8-4B8D-89A2-3ED9BC6BD871}.Debug|iPhone.Build.0 = Debug|Any CPU
		{10C008A0-AEF8-4B8D-89A2-3ED9BC6BD871}.Debug|iPhone.Deploy.0 = Debug|Any CPU
		{10C008A0-AEF8-4B8D-89A2-3ED9BC6BD871}.Debug|iPhoneSimulator.ActiveCfg = Debug|Any CPU
		{10C008A0-AEF8-4B8D-89A2-3ED9BC6BD871}.Debug|iPhoneSimulator.Build.0 = Debug|Any CPU
		{10C008A0-AEF8-4B8D-89A2-3ED9BC6BD871}.Debug|iPhoneSimulator.Deploy.0 = Debug|Any CPU
		{10C008A0-AEF8-4B8D-89A2-3ED9BC6BD871}.Release|Any CPU.ActiveCfg = Release|Any CPU
		{10C008A0-AEF8-4B8D-89A2-3ED9BC6BD871}.Release|Any CPU.Build.0 = Release|Any CPU
		{10C008A0-AEF8-4B8D-89A2-3ED9BC6BD871}.Release|Any CPU.Deploy.0 = Release|Any CPU
		{10C008A0-AEF8-4B8D-89A2-3ED9BC6BD871}.Release|iPhone.ActiveCfg = Release|Any CPU
		{10C008A0-AEF8-4B8D-89A2-3ED9BC6BD871}.Release|iPhone.Build.0 = Release|Any CPU
		{10C008A0-AEF8-4B8D-89A2-3ED9BC6BD871}.Release|iPhone.Deploy.0 = Release|Any CPU
		{10C008A0-AEF8-4B8D-89A2-3ED9BC6BD871}.Release|iPhoneSimulator.ActiveCfg = Release|Any CPU
		{10C008A0-AEF8-4B8D-89A2-3ED9BC6BD871}.Release|iPhoneSimulator.Build.0 = Release|Any CPU
		{10C008A0-AEF8-4B8D-89A2-3ED9BC6BD871}.Release|iPhoneSimulator.Deploy.0 = Release|Any CPU
		{145EBDE7-10E5-421A-96EE-E812348FA726}.Debug|Any CPU.ActiveCfg = Debug|iPhone
		{145EBDE7-10E5-421A-96EE-E812348FA726}.Debug|Any CPU.Build.0 = Debug|iPhone
		{145EBDE7-10E5-421A-96EE-E812348FA726}.Debug|Any CPU.Deploy.0 = Debug|iPhone
		{145EBDE7-10E5-421A-96EE-E812348FA726}.Debug|iPhone.ActiveCfg = Debug|iPhone
		{145EBDE7-10E5-421A-96EE-E812348FA726}.Debug|iPhone.Build.0 = Debug|iPhone
		{145EBDE7-10E5-421A-96EE-E812348FA726}.Debug|iPhone.Deploy.0 = Debug|iPhone
		{145EBDE7-10E5-421A-96EE-E812348FA726}.Debug|iPhoneSimulator.ActiveCfg = Debug|iPhoneSimulator
		{145EBDE7-10E5-421A-96EE-E812348FA726}.Debug|iPhoneSimulator.Build.0 = Debug|iPhoneSimulator
		{145EBDE7-10E5-421A-96EE-E812348FA726}.Debug|iPhoneSimulator.Deploy.0 = Debug|iPhoneSimulator
		{145EBDE7-10E5-421A-96EE-E812348FA726}.Release|Any CPU.ActiveCfg = Release|iPhoneSimulator
		{145EBDE7-10E5-421A-96EE-E812348FA726}.Release|Any CPU.Build.0 = Release|iPhoneSimulator
		{145EBDE7-10E5-421A-96EE-E812348FA726}.Release|Any CPU.Deploy.0 = Release|iPhoneSimulator
		{145EBDE7-10E5-421A-96EE-E812348FA726}.Release|iPhone.ActiveCfg = Release|iPhone
		{145EBDE7-10E5-421A-96EE-E812348FA726}.Release|iPhone.Build.0 = Release|iPhone
		{145EBDE7-10E5-421A-96EE-E812348FA726}.Release|iPhone.Deploy.0 = Release|iPhone
		{145EBDE7-10E5-421A-96EE-E812348FA726}.Release|iPhoneSimulator.ActiveCfg = Release|iPhoneSimulator
		{145EBDE7-10E5-421A-96EE-E812348FA726}.Release|iPhoneSimulator.Build.0 = Release|iPhoneSimulator
		{145EBDE7-10E5-421A-96EE-E812348FA726}.Release|iPhoneSimulator.Deploy.0 = Release|iPhoneSimulator
		{58392C66-5B82-4D8C-B983-0F638E3C35C2}.Debug|Any CPU.ActiveCfg = Debug|Any CPU
		{58392C66-5B82-4D8C-B983-0F638E3C35C2}.Debug|Any CPU.Build.0 = Debug|Any CPU
		{58392C66-5B82-4D8C-B983-0F638E3C35C2}.Debug|Any CPU.Deploy.0 = Debug|Any CPU
		{58392C66-5B82-4D8C-B983-0F638E3C35C2}.Debug|iPhone.ActiveCfg = Debug|Any CPU
		{58392C66-5B82-4D8C-B983-0F638E3C35C2}.Debug|iPhone.Build.0 = Debug|Any CPU
		{58392C66-5B82-4D8C-B983-0F638E3C35C2}.Debug|iPhone.Deploy.0 = Debug|Any CPU
		{58392C66-5B82-4D8C-B983-0F638E3C35C2}.Debug|iPhoneSimulator.ActiveCfg = Debug|Any CPU
		{58392C66-5B82-4D8C-B983-0F638E3C35C2}.Debug|iPhoneSimulator.Build.0 = Debug|Any CPU
		{58392C66-5B82-4D8C-B983-0F638E3C35C2}.Debug|iPhoneSimulator.Deploy.0 = Debug|Any CPU
		{58392C66-5B82-4D8C-B983-0F638E3C35C2}.Release|Any CPU.ActiveCfg = Release|Any CPU
		{58392C66-5B82-4D8C-B983-0F638E3C35C2}.Release|Any CPU.Build.0 = Release|Any CPU
		{58392C66-5B82-4D8C-B983-0F638E3C35C2}.Release|Any CPU.Deploy.0 = Release|Any CPU
		{58392C66-5B82-4D8C-B983-0F638E3C35C2}.Release|iPhone.ActiveCfg = Release|Any CPU
		{58392C66-5B82-4D8C-B983-0F638E3C35C2}.Release|iPhone.Build.0 = Release|Any CPU
		{58392C66-5B82-4D8C-B983-0F638E3C35C2}.Release|iPhone.Deploy.0 = Release|Any CPU
		{58392C66-5B82-4D8C-B983-0F638E3C35C2}.Release|iPhoneSimulator.ActiveCfg = Release|Any CPU
		{58392C66-5B82-4D8C-B983-0F638E3C35C2}.Release|iPhoneSimulator.Build.0 = Release|Any CPU
		{58392C66-5B82-4D8C-B983-0F638E3C35C2}.Release|iPhoneSimulator.Deploy.0 = Release|Any CPU
	EndGlobalSection
	GlobalSection(SolutionProperties) = preSolution
		HideSolutionNode = FALSE
	EndGlobalSection
	GlobalSection(ExtensibilityGlobals) = postSolution
		SolutionGuid = {6405F8FE-543F-4C1B-BEFC-F673FEAB868A}
	EndGlobalSection
EndGlobal
